
Microsoft Visual Studio Solution File, Format Version 12.00
# Visual Studio Version 16
VisualStudioVersion = 16.0.30608.117
MinimumVisualStudioVersion = 10.0.40219.1
Project("{FAE04EC0-301F-11D3-BF4B-00C04F79EFBC}") = "MuteWarning", "MuteWarning\MuteWarning.csproj", "{94655217-6824-40BB-9857-DD4DB5AF707A}"
EndProject
Global
	GlobalSection(SolutionConfigurationPlatforms) = preSolution
		Debug|Any CPU = Debug|Any CPU
		Release|Any CPU = Release|Any CPU
	EndGlobalSection
	GlobalSection(ProjectConfigurationPlatforms) = postSolution
		{94655217-6824-40BB-9857-DD4DB5AF707A}.Debug|Any CPU.ActiveCfg = Debug|Any CPU
		{94655217-6824-40BB-9857-DD4DB5AF707A}.Debug|Any CPU.Build.0 = Debug|Any CPU
		{94655217-6824-40BB-9857-DD4DB5AF707A}.Release|Any CPU.ActiveCfg = Release|Any CPU
		{94655217-6824-40BB-9857-DD4DB5AF707A}.Release|Any CPU.Build.0 = Release|Any CPU
	EndGlobalSection
	GlobalSection(SolutionProperties) = preSolution
		HideSolutionNode = FALSE
	EndGlobalSection
	GlobalSection(ExtensibilityGlobals) = postSolution
		SolutionGuid = {02312E1C-BD12-4161-9148-5C272824745E}
	EndGlobalSection
EndGlobal
